{
  "nodes": {
    "blueprint": {
      "inputs": {
        "nixpkgs": [
          "nixpkgs"
        ],
        "systems": "systems"
      },
      "locked": {
        "lastModified": 1742457865,
        "narHash": "sha256-pSs0DuhXhXgjpIj+R+KitAcFYbHTiHmMqdYYhVPI4+Q=",
        "type": "tarball",
        "url": "https://github.com/numtide/blueprint/archive/7ae8756a68c662d551e354beb537f365b80e5108.tar.gz"
      },
      "original": {
        "type": "tarball",
        "url": "https://github.com/numtide/blueprint/archive/7ae8756a68c662d551e354beb537f365b80e5108.tar.gz"
      }
    },
    "home-manager": {
      "inputs": {
        "nixpkgs": [
          "nixpkgs"
        ]
      },
      "locked": {
        "lastModified": 1742655702,
        "narHash": "sha256-jbqlw4sPArFtNtA1s3kLg7/A4fzP4GLk9bGbtUJg0JQ=",
        "type": "tarball",
        "url": "https://github.com/nix-community/home-manager/archive/0948aeedc296f964140d9429223c7e4a0702a1ff.tar.gz"
      },
      "original": {
        "type": "tarball",
        "url": "https://github.com/nix-community/home-manager/archive/0948aeedc296f964140d9429223c7e4a0702a1ff.tar.gz"
      }
    },
    "nixpkgs": {
      "locked": {
        "lastModified": 1742852774,
        "narHash": "sha256-sDhUmptDufaDsJIpM7VLe/8utZ652UjveKP9fgKv9eo=",
        "type": "tarball",
        "url": "https://github.com/NixOS/nixpkgs/archive/2bcb5a3c7cc0d62862f7d5f6ab6c589adac106fe.tar.gz"
      },
      "original": {
        "type": "tarball",
        "url": "https://github.com/NixOS/nixpkgs/archive/2bcb5a3c7cc0d62862f7d5f6ab6c589adac106fe.tar.gz"
      }
    },
    "nixpkgs-git-lfs": {
      "locked": {
        "lastModified": 1634327140,
        "narHash": "sha256-d5L7oMjUVC6VU0cQMsF0tceAPkmzuAQ51DWBFNChbEQ=",
        "type": "tarball",
        "url": "https://github.com/NixOS/nixpkgs/archive/83667ff60a88e22b76ef4b0bdf5334670b39c2b6.tar.gz"
      },
      "original": {
        "type": "tarball",
        "url": "https://github.com/NixOS/nixpkgs/archive/83667ff60a88e22b76ef4b0bdf5334670b39c2b6.tar.gz"
      }
    },
    "root": {
      "inputs": {
        "blueprint": "blueprint",
        "home-manager": "home-manager",
        "nixpkgs": "nixpkgs",
        "nixpkgs-git-lfs": "nixpkgs-git-lfs",
        "treefmt-nix": "treefmt-nix"
      }
    },
    "systems": {
      "locked": {
        "lastModified": 1681028828,
        "narHash": "sha256-Vy1rq5AaRuLzOxct8nz4T6wlgyUR7zLU309k9mBC768=",
        "owner": "nix-systems",
        "repo": "default",
        "rev": "da67096a3b9bf56a91d16901293e51ba5b49a27e",
        "type": "github"
      },
      "original": {
        "owner": "nix-systems",
        "repo": "default",
        "type": "github"
      }
    },
    "treefmt-nix": {
      "inputs": {
        "nixpkgs": [
          "nixpkgs"
        ]
      },
      "locked": {
        "lastModified": 1742370146,
        "narHash": "sha256-XRE8hL4vKIQyVMDXykFh4ceo3KSpuJF3ts8GKwh5bIU=",
        "type": "tarball",
        "url": "https://github.com/numtide/treefmt-nix/archive/adc195eef5da3606891cedf80c0d9ce2d3190808.tar.gz"
      },
      "original": {
        "type": "tarball",
        "url": "https://github.com/numtide/treefmt-nix/archive/adc195eef5da3606891cedf80c0d9ce2d3190808.tar.gz"
      }
    }
  },
  "root": "root",
  "version": 7
}
