{
  "nodes": {
    "blueprint": {
      "inputs": {
        "nixpkgs": [
          "nixpkgs"
        ],
        "systems": "systems"
      },
      "locked": {
        "lastModified": 1742457865,
        "narHash": "sha256-pSs0DuhXhXgjpIj+R+KitAcFYbHTiHmMqdYYhVPI4+Q=",
        "type": "tarball",
        "url": "https://github.com/numtide/blueprint/archive/7ae8756a68c662d551e354beb537f365b80e5108.tar.gz"
      },
      "original": {
        "type": "tarball",
        "url": "https://github.com/numtide/blueprint/archive/7ae8756a68c662d551e354beb537f365b80e5108.tar.gz"
      }
    },
    "home-manager": {
      "inputs": {
        "nixpkgs": [
          "nixpkgs"
        ]
      },
      "locked": {
        "lastModified": 1742996658,
        "narHash": "sha256-snxgTLVq6ooaD3W3mPHu7LVWpoZKczhxHAUZy2ea4oA=",
        "type": "tarball",
        "url": "https://github.com/nix-community/home-manager/archive/693840c01b9bef9e54100239cef937e53d4661bf.tar.gz"
      },
      "original": {
        "type": "tarball",
        "url": "https://github.com/nix-community/home-manager/archive/693840c01b9bef9e54100239cef937e53d4661bf.tar.gz"
      }
    },
    "nixpkgs": {
      "locked": {
        "lastModified": 1742988026,
        "narHash": "sha256-aofgJZ4GypThgHU79KuWbs1c/9+B/JkVGZ1NYAtBSp4=",
        "type": "tarball",
        "url": "https://github.com/NixOS/nixpkgs/archive/b107b36e150478e05bd06d50bcc4f2218df0257f.tar.gz"
      },
      "original": {
        "type": "tarball",
        "url": "https://github.com/NixOS/nixpkgs/archive/b107b36e150478e05bd06d50bcc4f2218df0257f.tar.gz"
      }
    },
    "nixpkgs-git-lfs": {
      "locked": {
        "lastModified": 1634327140,
        "narHash": "sha256-d5L7oMjUVC6VU0cQMsF0tceAPkmzuAQ51DWBFNChbEQ=",
        "type": "tarball",
        "url": "https://github.com/NixOS/nixpkgs/archive/83667ff60a88e22b76ef4b0bdf5334670b39c2b6.tar.gz"
      },
      "original": {
        "type": "tarball",
        "url": "https://github.com/NixOS/nixpkgs/archive/83667ff60a88e22b76ef4b0bdf5334670b39c2b6.tar.gz"
      }
    },
    "nixpkgs-llvm_18": {
      "locked": {
        "lastModified": 1739525092,
        "narHash": "sha256-dd5tkJn37gjU6rQD0q+O40zF7nADAVR3WZeb+cQ/9kQ=",
        "type": "tarball",
        "url": "https://github.com/NixOS/nixpkgs/archive/b5befb85475250e7849341cc2d10233415c2a528.tar.gz"
      },
      "original": {
        "type": "tarball",
        "url": "https://github.com/NixOS/nixpkgs/archive/b5befb85475250e7849341cc2d10233415c2a528.tar.gz"
      }
    },
    "root": {
      "inputs": {
        "blueprint": "blueprint",
        "home-manager": "home-manager",
        "nixpkgs": "nixpkgs",
        "nixpkgs-git-lfs": "nixpkgs-git-lfs",
        "nixpkgs-llvm_18": "nixpkgs-llvm_18",
        "treefmt-nix": "treefmt-nix"
      }
    },
    "systems": {
      "locked": {
        "lastModified": 1681028828,
        "narHash": "sha256-Vy1rq5AaRuLzOxct8nz4T6wlgyUR7zLU309k9mBC768=",
        "owner": "nix-systems",
        "repo": "default",
        "rev": "da67096a3b9bf56a91d16901293e51ba5b49a27e",
        "type": "github"
      },
      "original": {
        "owner": "nix-systems",
        "repo": "default",
        "type": "github"
      }
    },
    "treefmt-nix": {
      "inputs": {
        "nixpkgs": [
          "nixpkgs"
        ]
      },
      "locked": {
        "lastModified": 1742370146,
        "narHash": "sha256-XRE8hL4vKIQyVMDXykFh4ceo3KSpuJF3ts8GKwh5bIU=",
        "type": "tarball",
        "url": "https://github.com/numtide/treefmt-nix/archive/adc195eef5da3606891cedf80c0d9ce2d3190808.tar.gz"
      },
      "original": {
        "type": "tarball",
        "url": "https://github.com/numtide/treefmt-nix/archive/adc195eef5da3606891cedf80c0d9ce2d3190808.tar.gz"
      }
    }
  },
  "root": "root",
  "version": 7
}
